
Microsoft Visual Studio Solution File, Format Version 12.00
# Visual Studio Version 17
VisualStudioVersion = 17.13.35806.99 d17.13
MinimumVisualStudioVersion = 10.0.40219.1
Project("{FAE04EC0-301F-11D3-BF4B-00C04F79EFBC}") = "GithubUserActivity", "GithubUserActivity\GithubUserActivity.csproj", "{F1CE4E5C-544A-4DA5-AF97-3E9F368D08CC}"
EndProject
Global
	GlobalSection(SolutionConfigurationPlatforms) = preSolution
		Debug|Any CPU = Debug|Any CPU
		Release|Any CPU = Release|Any CPU
	EndGlobalSection
	GlobalSection(ProjectConfigurationPlatforms) = postSolution
		{F1CE4E5C-544A-4DA5-AF97-3E9F368D08CC}.Debug|Any CPU.ActiveCfg = Debug|Any CPU
		{F1CE4E5C-544A-4DA5-AF97-3E9F368D08CC}.Debug|Any CPU.Build.0 = Debug|Any CPU
		{F1CE4E5C-544A-4DA5-AF97-3E9F368D08CC}.Release|Any CPU.ActiveCfg = Release|Any CPU
		{F1CE4E5C-544A-4DA5-AF97-3E9F368D08CC}.Release|Any CPU.Build.0 = Release|Any CPU
	EndGlobalSection
	GlobalSection(SolutionProperties) = preSolution
		HideSolutionNode = FALSE
	EndGlobalSection
	GlobalSection(ExtensibilityGlobals) = postSolution
		SolutionGuid = {3B8B0B73-1C76-49C1-BE0D-B8C88AE58CC7}
	EndGlobalSection
EndGlobal
